
Microsoft Visual Studio Solution File, Format Version 12.00
# Visual Studio 15
VisualStudioVersion = 15.0.27428.2015
MinimumVisualStudioVersion = 10.0.40219.1
Project("{FAE04EC0-301F-11D3-BF4B-00C04F79EFBC}") = "MvcCrud_1N", "MvcCrud_1N\MvcCrud_1N.csproj", "{F7232E99-FBC8-4D41-B5FC-DC596D8D5468}"
EndProject
Global
	GlobalSection(SolutionConfigurationPlatforms) = preSolution
		Debug|Any CPU = Debug|Any CPU
		Release|Any CPU = Release|Any CPU
	EndGlobalSection
	GlobalSection(ProjectConfigurationPlatforms) = postSolution
		{F7232E99-FBC8-4D41-B5FC-DC596D8D5468}.Debug|Any CPU.ActiveCfg = Debug|Any CPU
		{F7232E99-FBC8-4D41-B5FC-DC596D8D5468}.Debug|Any CPU.Build.0 = Debug|Any CPU
		{F7232E99-FBC8-4D41-B5FC-DC596D8D5468}.Release|Any CPU.ActiveCfg = Release|Any CPU
		{F7232E99-FBC8-4D41-B5FC-DC596D8D5468}.Release|Any CPU.Build.0 = Release|Any CPU
	EndGlobalSection
	GlobalSection(SolutionProperties) = preSolution
		HideSolutionNode = FALSE
	EndGlobalSection
	GlobalSection(ExtensibilityGlobals) = postSolution
		SolutionGuid = {659BDB68-2B5B-4BC4-A28B-D92F5D5A652A}
	EndGlobalSection
EndGlobal
